
Microsoft Visual Studio Solution File, Format Version 12.00
# Visual Studio Version 16
VisualStudioVersion = 25.0.1705.2
MinimumVisualStudioVersion = 10.0.40219.1
Project("{FAE04EC0-301F-11D3-BF4B-00C04F79EFBC}") = "EnocaProject.Core", "EnocaProject.Core\EnocaProject.Core.csproj", "{953DD15B-2A32-4405-899C-978FEA765BEE}"
EndProject
Project("{FAE04EC0-301F-11D3-BF4B-00C04F79EFBC}") = "EnocaProject.Entities", "EnocaProject.Entities\EnocaProject.Entities.csproj", "{B5F32D10-360B-4D9D-89CD-B4C5F5CE0904}"
EndProject
Project("{FAE04EC0-301F-11D3-BF4B-00C04F79EFBC}") = "EnocaProject.DataAccess", "EnocaProject.DataAccess\EnocaProject.DataAccess.csproj", "{1C2063B3-725E-4832-B1D4-64EBC07CDAF5}"
EndProject
Project("{FAE04EC0-301F-11D3-BF4B-00C04F79EFBC}") = "EnocaProject.Business", "EnocaProject.Business\EnocaProject.Business.csproj", "{BA830EA4-3D4A-48CD-AB28-18AFF7904FC4}"
EndProject
Project("{FAE04EC0-301F-11D3-BF4B-00C04F79EFBC}") = "EnocaProject.API", "EnocaProject.API\EnocaProject.API.csproj", "{CA83E0F4-5EFA-47CF-95EE-78D67CA3C90D}"
EndProject
Global
	GlobalSection(SolutionConfigurationPlatforms) = preSolution
		Debug|Any CPU = Debug|Any CPU
		Release|Any CPU = Release|Any CPU
	EndGlobalSection
	GlobalSection(ProjectConfigurationPlatforms) = postSolution
		{953DD15B-2A32-4405-899C-978FEA765BEE}.Debug|Any CPU.ActiveCfg = Debug|Any CPU
		{953DD15B-2A32-4405-899C-978FEA765BEE}.Debug|Any CPU.Build.0 = Debug|Any CPU
		{953DD15B-2A32-4405-899C-978FEA765BEE}.Release|Any CPU.ActiveCfg = Release|Any CPU
		{953DD15B-2A32-4405-899C-978FEA765BEE}.Release|Any CPU.Build.0 = Release|Any CPU
		{B5F32D10-360B-4D9D-89CD-B4C5F5CE0904}.Debug|Any CPU.ActiveCfg = Debug|Any CPU
		{B5F32D10-360B-4D9D-89CD-B4C5F5CE0904}.Debug|Any CPU.Build.0 = Debug|Any CPU
		{B5F32D10-360B-4D9D-89CD-B4C5F5CE0904}.Release|Any CPU.ActiveCfg = Release|Any CPU
		{B5F32D10-360B-4D9D-89CD-B4C5F5CE0904}.Release|Any CPU.Build.0 = Release|Any CPU
		{1C2063B3-725E-4832-B1D4-64EBC07CDAF5}.Debug|Any CPU.ActiveCfg = Debug|Any CPU
		{1C2063B3-725E-4832-B1D4-64EBC07CDAF5}.Debug|Any CPU.Build.0 = Debug|Any CPU
		{1C2063B3-725E-4832-B1D4-64EBC07CDAF5}.Release|Any CPU.ActiveCfg = Release|Any CPU
		{1C2063B3-725E-4832-B1D4-64EBC07CDAF5}.Release|Any CPU.Build.0 = Release|Any CPU
		{BA830EA4-3D4A-48CD-AB28-18AFF7904FC4}.Debug|Any CPU.ActiveCfg = Debug|Any CPU
		{BA830EA4-3D4A-48CD-AB28-18AFF7904FC4}.Debug|Any CPU.Build.0 = Debug|Any CPU
		{BA830EA4-3D4A-48CD-AB28-18AFF7904FC4}.Release|Any CPU.ActiveCfg = Release|Any CPU
		{BA830EA4-3D4A-48CD-AB28-18AFF7904FC4}.Release|Any CPU.Build.0 = Release|Any CPU
		{CA83E0F4-5EFA-47CF-95EE-78D67CA3C90D}.Debug|Any CPU.ActiveCfg = Debug|Any CPU
		{CA83E0F4-5EFA-47CF-95EE-78D67CA3C90D}.Debug|Any CPU.Build.0 = Debug|Any CPU
		{CA83E0F4-5EFA-47CF-95EE-78D67CA3C90D}.Release|Any CPU.ActiveCfg = Release|Any CPU
		{CA83E0F4-5EFA-47CF-95EE-78D67CA3C90D}.Release|Any CPU.Build.0 = Release|Any CPU
	EndGlobalSection
	GlobalSection(SolutionProperties) = preSolution
		HideSolutionNode = FALSE
	EndGlobalSection
	GlobalSection(ExtensibilityGlobals) = postSolution
		SolutionGuid = {C40EBA2F-90EE-4AC8-83B3-D928934DDB3E}
	EndGlobalSection
EndGlobal
